{
  "nodes": {
    "nixpkgs": {
      "locked": {
        "lastModified": 1745447901,
        "narHash": "sha256-P9LSeOfkaqnWqLPR9gzyRLw2RZ0vKFZz5pFy7m/CQqs=",
        "owner": "NixOS",
        "repo": "nixpkgs",
        "rev": "99eada0c920f5639d6b64d40592ff28cadcf381a",
        "type": "github"
      },
      "original": {
        "id": "nixpkgs",
        "rev": "99eada0c920f5639d6b64d40592ff28cadcf381a",
        "type": "indirect"
      }
    },
    "root": {
      "inputs": {
        "nixpkgs": "nixpkgs"
      }
    }
  },
  "root": "root",
  "version": 7
}
