{
  "nodes": {
    "nixpkgs": {
      "locked": {
        "lastModified": 1783956998,
        "narHash": "sha256-NAVh539AEQ7K/qnrVc6eF9tXhwruJZxF4I7otxHEtsI=",
        "owner": "NixOS",
        "repo": "nixpkgs",
        "rev": "78a847885e0163e17b1a620882d91bd2dfb05d54",
        "type": "github"
      },
      "original": {
        "id": "nixpkgs",
        "rev": "78a847885e0163e17b1a620882d91bd2dfb05d54",
        "type": "indirect"
      }
    },
    "root": {
      "inputs": {
        "nixpkgs": "nixpkgs"
      }
    }
  },
  "root": "root",
  "version": 7
}
